
Microsoft Visual Studio Solution File, Format Version 12.00
# Visual Studio Version 17
VisualStudioVersion = 17.9.34728.123
MinimumVisualStudioVersion = 10.0.40219.1
Project("{FAE04EC0-301F-11D3-BF4B-00C04F79EFBC}") = "Desafio_Imposto", "Desafio_Imposto\Desafio_Imposto.csproj", "{54FDF7B0-BA3F-4141-A933-6569A3B3BF60}"
EndProject
Global
	GlobalSection(SolutionConfigurationPlatforms) = preSolution
		Debug|Any CPU = Debug|Any CPU
		Release|Any CPU = Release|Any CPU
	EndGlobalSection
	GlobalSection(ProjectConfigurationPlatforms) = postSolution
		{54FDF7B0-BA3F-4141-A933-6569A3B3BF60}.Debug|Any CPU.ActiveCfg = Debug|Any CPU
		{54FDF7B0-BA3F-4141-A933-6569A3B3BF60}.Debug|Any CPU.Build.0 = Debug|Any CPU
		{54FDF7B0-BA3F-4141-A933-6569A3B3BF60}.Release|Any CPU.ActiveCfg = Release|Any CPU
		{54FDF7B0-BA3F-4141-A933-6569A3B3BF60}.Release|Any CPU.Build.0 = Release|Any CPU
	EndGlobalSection
	GlobalSection(SolutionProperties) = preSolution
		HideSolutionNode = FALSE
	EndGlobalSection
	GlobalSection(ExtensibilityGlobals) = postSolution
		SolutionGuid = {1D95A824-7606-4A3B-9B6F-250A59F8D86C}
	EndGlobalSection
EndGlobal
